
Microsoft Visual Studio Solution File, Format Version 12.00
# Visual Studio Version 16
VisualStudioVersion = 16.0.33328.57
MinimumVisualStudioVersion = 10.0.40219.1
Project("{FAE04EC0-301F-11D3-BF4B-00C04F79EFBC}") = "libTienda", "libTienda\libTienda.csproj", "{BE01893C-9FB0-452D-9345-D9D9BC3066C7}"
EndProject
Global
	GlobalSection(SolutionConfigurationPlatforms) = preSolution
		Debug|Any CPU = Debug|Any CPU
		Release|Any CPU = Release|Any CPU
	EndGlobalSection
	GlobalSection(ProjectConfigurationPlatforms) = postSolution
		{BE01893C-9FB0-452D-9345-D9D9BC3066C7}.Debug|Any CPU.ActiveCfg = Debug|Any CPU
		{BE01893C-9FB0-452D-9345-D9D9BC3066C7}.Debug|Any CPU.Build.0 = Debug|Any CPU
		{BE01893C-9FB0-452D-9345-D9D9BC3066C7}.Release|Any CPU.ActiveCfg = Release|Any CPU
		{BE01893C-9FB0-452D-9345-D9D9BC3066C7}.Release|Any CPU.Build.0 = Release|Any CPU
	EndGlobalSection
	GlobalSection(SolutionProperties) = preSolution
		HideSolutionNode = FALSE
	EndGlobalSection
	GlobalSection(ExtensibilityGlobals) = postSolution
		SolutionGuid = {AE1AA669-2020-40A6-BC11-CD2762A64BEE}
	EndGlobalSection
EndGlobal
